
Microsoft Visual Studio Solution File, Format Version 12.00
# Visual Studio Version 17
VisualStudioVersion = 17.0.32112.339
MinimumVisualStudioVersion = 10.0.40219.1
Project("{FAE04EC0-301F-11D3-BF4B-00C04F79EFBC}") = "LinqOperation", "LinqOperation.csproj", "{B75AF76C-6B20-49DB-98E9-F19BCE7FDEE1}"
EndProject
Global
	GlobalSection(SolutionConfigurationPlatforms) = preSolution
		Debug|Any CPU = Debug|Any CPU
		Release|Any CPU = Release|Any CPU
	EndGlobalSection
	GlobalSection(ProjectConfigurationPlatforms) = postSolution
		{B75AF76C-6B20-49DB-98E9-F19BCE7FDEE1}.Debug|Any CPU.ActiveCfg = Debug|Any CPU
		{B75AF76C-6B20-49DB-98E9-F19BCE7FDEE1}.Debug|Any CPU.Build.0 = Debug|Any CPU
		{B75AF76C-6B20-49DB-98E9-F19BCE7FDEE1}.Release|Any CPU.ActiveCfg = Release|Any CPU
		{B75AF76C-6B20-49DB-98E9-F19BCE7FDEE1}.Release|Any CPU.Build.0 = Release|Any CPU
	EndGlobalSection
	GlobalSection(SolutionProperties) = preSolution
		HideSolutionNode = FALSE
	EndGlobalSection
	GlobalSection(ExtensibilityGlobals) = postSolution
		SolutionGuid = {2EFB6793-9ACF-4BD8-AF43-5660746C79DA}
	EndGlobalSection
EndGlobal
